// !$*UTF8*$!
{
	archiveVersion = 1;
	classes = {
	};
	objectVersion = 50;
	objects = {

/* Begin PBXBuildFile section */
		3A6D0FBB246CF62C004616E4 /* AppDelegate.swift in Sources */ = {isa = PBXBuildFile; fileRef = 3A6D0FBA246CF62C004616E4 /* AppDelegate.swift */; };
		3A6D0FBD246CF62C004616E4 /* SceneDelegate.swift in Sources */ = {isa = PBXBuildFile; fileRef = 3A6D0FBC246CF62C004616E4 /* SceneDelegate.swift */; };
		3A6D0FBF246CF62C004616E4 /* ViewController.swift in Sources */ = {isa = PBXBuildFile; fileRef = 3A6D0FBE246CF62C004616E4 /* ViewController.swift */; };
		3A6D0FC2246CF62C004616E4 /* Main.storyboard in Resources */ = {isa = PBXBuildFile; fileRef = 3A6D0FC0246CF62C004616E4 /* Main.storyboard */; };
		3A6D0FC4246CF630004616E4 /* Assets.xcassets in Resources */ = {isa = PBXBuildFile; fileRef = 3A6D0FC3246CF630004616E4 /* Assets.xcassets */; };
		3A6D0FC7246CF630004616E4 /* LaunchScreen.storyboard in Resources */ = {isa = PBXBuildFile; fileRef = 3A6D0FC5246CF630004616E4 /* LaunchScreen.storyboard */; };
		3A6D0FD2246CF630004616E4 /* Test_ProjectTests.swift in Sources */ = {isa = PBXBuildFile; fileRef = 3A6D0FD1246CF630004616E4 /* Test_ProjectTests.swift */; };
		3A6D0FDD246CF630004616E4 /* Test_ProjectUITests.swift in Sources */ = {isa = PBXBuildFile; fileRef = 3A6D0FDC246CF630004616E4 /* Test_ProjectUITests.swift */; };
/* End PBXBuildFile section */

/* Begin PBXContainerItemProxy section */
		3A6D0FCE246CF630004616E4 /* PBXContainerItemProxy */ = {
			isa = PBXContainerItemProxy;
			containerPortal = 3A6D0FAF246CF62C004616E4 /* Project object */;
			proxyType = 1;
			remoteGlobalIDString = 3A6D0FB6246CF62C004616E4;
			remoteInfo = "Test Project";
		};
		3A6D0FD9246CF630004616E4 /* PBXContainerItemProxy */ = {
			isa = PBXContainerItemProxy;
			containerPortal = 3A6D0FAF246CF62C004616E4 /* Project object */;
			proxyType = 1;
			remoteGlobalIDString = 3A6D0FB6246CF62C004616E4;
			remoteInfo = "Test Project";
		};
/* End PBXContainerItemProxy section */

/* Begin PBXFileReference section */
		3A6D0FB7246CF62C004616E4 /* Test Project.app */ = {isa = PBXFileReference; explicitFileType = wrapper.application; includeInIndex = 0; path = "Test Project.app"; sourceTree = BUILT_PRODUCTS_DIR; };
		3A6D0FBA246CF62C004616E4 /* AppDelegate.swift */ = {isa = PBXFileReference; lastKnownFileType = sourcecode.swift; path = AppDelegate.swift; sourceTree = "<group>"; };
		3A6D0FBC246CF62C004616E4 /* SceneDelegate.swift */ = {isa = PBXFileReference; lastKnownFileType = sourcecode.swift; path = SceneDelegate.swift; sourceTree = "<group>"; };
		3A6D0FBE246CF62C004616E4 /* ViewController.swift */ = {isa = PBXFileReference; lastKnownFileType = sourcecode.swift; path = ViewController.swift; sourceTree = "<group>"; };
		3A6D0FC1246CF62C004616E4 /* Base */ = {isa = PBXFileReference; lastKnownFileType = file.storyboard; name = Base; path = Base.lproj/Main.storyboard; sourceTree = "<group>"; };
		3A6D0FC3246CF630004616E4 /* Assets.xcassets */ = {isa = PBXFileReference; lastKnownFileType = folder.assetcatalog; path = Assets.xcassets; sourceTree = "<group>"; };
		3A6D0FC6246CF630004616E4 /* Base */ = {isa = PBXFileReference; lastKnownFileType = file.storyboard; name = Base; path = Base.lproj/LaunchScreen.storyboard; sourceTree = "<group>"; };
		3A6D0FC8246CF630004616E4 /* Info.plist */ = {isa = PBXFileReference; lastKnownFileType = text.plist.xml; path = Info.plist; sourceTree = "<group>"; };
		3A6D0FCD246CF630004616E4 /* Test ProjectTests.xctest */ = {isa = PBXFileReference; explicitFileType = wrapper.cfbundle; includeInIndex = 0; path = "Test ProjectTests.xctest"; sourceTree = BUILT_PRODUCTS_DIR; };
		3A6D0FD1246CF630004616E4 /* Test_ProjectTests.swift */ = {isa = PBXFileReference; lastKnownFileType = sourcecode.swift; path = Test_ProjectTests.swift; sourceTree = "<group>"; };
		3A6D0FD3246CF630004616E4 /* Info.plist */ = {isa = PBXFileReference; lastKnownFileType = text.plist.xml; path = Info.plist; sourceTree = "<group>"; };
		3A6D0FD8246CF630004616E4 /* Test ProjectUITests.xctest */ = {isa = PBXFileReference; explicitFileType = wrapper.cfbundle; includeInIndex = 0; path = "Test ProjectUITests.xctest"; sourceTree = BUILT_PRODUCTS_DIR; };
		3A6D0FDC246CF630004616E4 /* Test_ProjectUITests.swift */ = {isa = PBXFileReference; lastKnownFileType = sourcecode.swift; path = Test_ProjectUITests.swift; sourceTree = "<group>"; };
		3A6D0FDE246CF630004616E4 /* Info.plist */ = {isa = PBXFileReference; lastKnownFileType = text.plist.xml; path = Info.plist; sourceTree = "<group>"; };
/* End PBXFileReference section */

/* Begin PBXFrameworksBuildPhase section */
		3A6D0FB4246CF62C004616E4 /* Frameworks */ = {
			isa = PBXFrameworksBuildPhase;
			buildActionMask = 2147483647;
			files = (
			);
			runOnlyForDeploymentPostprocessing = 0;
		};
		3A6D0FCA246CF630004616E4 /* Frameworks */ = {
			isa = PBXFrameworksBuildPhase;
			buildActionMask = 2147483647;
			files = (
			);
			runOnlyForDeploymentPostprocessing = 0;
		};
		3A6D0FD5246CF630004616E4 /* Frameworks */ = {
			isa = PBXFrameworksBuildPhase;
			buildActionMask = 2147483647;
			files = (
			);
			runOnlyForDeploymentPostprocessing = 0;
		};
/* End PBXFrameworksBuildPhase section */

/* Begin PBXGroup section */
		3A6D0FAE246CF62C004616E4 = {
			isa = PBXGroup;
			children = (
				3A6D0FB9246CF62C004616E4 /* Test Project */,
				3A6D0FD0246CF630004616E4 /* Test ProjectTests */,
				3A6D0FDB246CF630004616E4 /* Test ProjectUITests */,
				3A6D0FB8246CF62C004616E4 /* Products */,
			);
			sourceTree = "<group>";
		};
		3A6D0FB8246CF62C004616E4 /* Products */ = {
			isa = PBXGroup;
			children = (
				3A6D0FB7246CF62C004616E4 /* Test Project.app */,
				3A6D0FCD246CF630004616E4 /* Test ProjectTests.xctest */,
				3A6D0FD8246CF630004616E4 /* Test ProjectUITests.xctest */,
			);
			name = Products;
			sourceTree = "<group>";
		};
		3A6D0FB9246CF62C004616E4 /* Test Project */ = {
			isa = PBXGroup;
			children = (
				3A6D0FBA246CF62C004616E4 /* AppDelegate.swift */,
				3A6D0FBC246CF62C004616E4 /* SceneDelegate.swift */,
				3A6D0FBE246CF62C004616E4 /* ViewController.swift */,
				3A6D0FC0246CF62C004616E4 /* Main.storyboard */,
				3A6D0FC3246CF630004616E4 /* Assets.xcassets */,
				3A6D0FC5246CF630004616E4 /* LaunchScreen.storyboard */,
				3A6D0FC8246CF630004616E4 /* Info.plist */,
			);
			path = "Test Project";
			sourceTree = "<group>";
		};
		3A6D0FD0246CF630004616E4 /* Test ProjectTests */ = {
			isa = PBXGroup;
			children = (
				3A6D0FD1246CF630004616E4 /* Test_ProjectTests.swift */,
				3A6D0FD3246CF630004616E4 /* Info.plist */,
			);
			path = "Test ProjectTests";
			sourceTree = "<group>";
		};
		3A6D0FDB246CF630004616E4 /* Test ProjectUITests */ = {
			isa = PBXGroup;
			children = (
				3A6D0FDC246CF630004616E4 /* Test_ProjectUITests.swift */,
				3A6D0FDE246CF630004616E4 /* Info.plist */,
			);
			path = "Test ProjectUITests";
			sourceTree = "<group>";
		};
/* End PBXGroup section */

/* Begin PBXNativeTarget section */
		3A6D0FB6246CF62C004616E4 /* Test Project */ = {
			isa = PBXNativeTarget;
			buildConfigurationList = 3A6D0FE1246CF630004616E4 /* Build configuration list for PBXNativeTarget "Test Project" */;
			buildPhases = (
				3A6D0FB3246CF62C004616E4 /* Sources */,
				3A6D0FB4246CF62C004616E4 /* Frameworks */,
				3A6D0FB5246CF62C004616E4 /* Resources */,
			);
			buildRules = (
			);
			dependencies = (
			);
			name = "Test Project";
			productName = "Test Project";
			productReference = 3A6D0FB7246CF62C004616E4 /* Test Project.app */;
			productType = "com.apple.product-type.application";
		};
		3A6D0FCC246CF630004616E4 /* Test ProjectTests */ = {
			isa = PBXNativeTarget;
			buildConfigurationList = 3A6D0FE4246CF630004616E4 /* Build configuration list for PBXNativeTarget "Test ProjectTests" */;
			buildPhases = (
				3A6D0FC9246CF630004616E4 /* Sources */,
				3A6D0FCA246CF630004616E4 /* Frameworks */,
				3A6D0FCB246CF630004616E4 /* Resources */,
			);
			buildRules = (
			);
			dependencies = (
				3A6D0FCF246CF630004616E4 /* PBXTargetDependency */,
			);
			name = "Test ProjectTests";
			productName = "Test ProjectTests";
			productReference = 3A6D0FCD246CF630004616E4 /* Test ProjectTests.xctest */;
			productType = "com.apple.product-type.bundle.unit-test";
		};
		3A6D0FD7246CF630004616E4 /* Test ProjectUITests */ = {
			isa = PBXNativeTarget;
			buildConfigurationList = 3A6D0FE7246CF630004616E4 /* Build configuration list for PBXNativeTarget "Test ProjectUITests" */;
			buildPhases = (
				3A6D0FD4246CF630004616E4 /* Sources */,
				3A6D0FD5246CF630004616E4 /* Frameworks */,
				3A6D0FD6246CF630004616E4 /* Resources */,
			);
			buildRules = (
			);
			dependencies = (
				3A6D0FDA246CF630004616E4 /* PBXTargetDependency */,
			);
			name = "Test ProjectUITests";
			productName = "Test ProjectUITests";
			productReference = 3A6D0FD8246CF630004616E4 /* Test ProjectUITests.xctest */;
			productType = "com.apple.product-type.bundle.ui-testing";
		};
/* End PBXNativeTarget section */

/* Begin PBXProject section */
		3A6D0FAF246CF62C004616E4 /* Project object */ = {
			isa = PBXProject;
			attributes = {
				LastSwiftUpdateCheck = 1130;
				LastUpgradeCheck = 1130;
				ORGANIZATIONNAME = "Sabariman Sabariman";
				TargetAttributes = {
					3A6D0FB6246CF62C004616E4 = {
						CreatedOnToolsVersion = 11.3.1;
					};
					3A6D0FCC246CF630004616E4 = {
						CreatedOnToolsVersion = 11.3.1;
						TestTargetID = 3A6D0FB6246CF62C004616E4;
					};
					3A6D0FD7246CF630004616E4 = {
						CreatedOnToolsVersion = 11.3.1;
						TestTargetID = 3A6D0FB6246CF62C004616E4;
					};
				};
			};
			buildConfigurationList = 3A6D0FB2246CF62C004616E4 /* Build configuration list for PBXProject "Test Project" */;
			compatibilityVersion = "Xcode 9.3";
			developmentRegion = en;
			hasScannedForEncodings = 0;
			knownRegions = (
				en,
				Base,
			);
			mainGroup = 3A6D0FAE246CF62C004616E4;
			productRefGroup = 3A6D0FB8246CF62C004616E4 /* Products */;
			projectDirPath = "";
			projectRoot = "";
			targets = (
				3A6D0FB6246CF62C004616E4 /* Test Project */,
				3A6D0FCC246CF630004616E4 /* Test ProjectTests */,
				3A6D0FD7246CF630004616E4 /* Test ProjectUITests */,
			);
		};
/* End PBXProject section */

/* Begin PBXResourcesBuildPhase section */
		3A6D0FB5246CF62C004616E4 /* Resources */ = {
			isa = PBXResourcesBuildPhase;
			buildActionMask = 2147483647;
			files = (
				3A6D0FC7246CF630004616E4 /* LaunchScreen.storyboard in Resources */,
				3A6D0FC4246CF630004616E4 /* Assets.xcassets in Resources */,
				3A6D0FC2246CF62C004616E4 /* Main.storyboard in Resources */,
			);
			runOnlyForDeploymentPostprocessing = 0;
		};
		3A6D0FCB246CF630004616E4 /* Resources */ = {
			isa = PBXResourcesBuildPhase;
			buildActionMask = 2147483647;
			files = (
			);
			runOnlyForDeploymentPostprocessing = 0;
		};
		3A6D0FD6246CF630004616E4 /* Resources */ = {
			isa = PBXResourcesBuildPhase;
			buildActionMask = 2147483647;
			files = (
			);
			runOnlyForDeploymentPostprocessing = 0;
		};
/* End PBXResourcesBuildPhase section */

/* Begin PBXSourcesBuildPhase section */
		3A6D0FB3246CF62C004616E4 /* Sources */ = {
			isa = PBXSourcesBuildPhase;
			buildActionMask = 2147483647;
			files = (
				3A6D0FBF246CF62C004616E4 /* ViewController.swift in Sources */,
				3A6D0FBB246CF62C004616E4 /* AppDelegate.swift in Sources */,
				3A6D0FBD246CF62C004616E4 /* SceneDelegate.swift in Sources */,
			);
			runOnlyForDeploymentPostprocessing = 0;
		};
		3A6D0FC9246CF630004616E4 /* Sources */ = {
			isa = PBXSourcesBuildPhase;
			buildActionMask = 2147483647;
			files = (
				3A6D0FD2246CF630004616E4 /* Test_ProjectTests.swift in Sources */,
			);
			runOnlyForDeploymentPostprocessing = 0;
		};
		3A6D0FD4246CF630004616E4 /* Sources */ = {
			isa = PBXSourcesBuildPhase;
			buildActionMask = 2147483647;
			files = (
				3A6D0FDD246CF630004616E4 /* Test_ProjectUITests.swift in Sources */,
			);
			runOnlyForDeploymentPostprocessing = 0;
		};
/* End PBXSourcesBuildPhase section */

/* Begin PBXTargetDependency section */
		3A6D0FCF246CF630004616E4 /* PBXTargetDependency */ = {
			isa = PBXTargetDependency;
			target = 3A6D0FB6246CF62C004616E4 /* Test Project */;
			targetProxy = 3A6D0FCE246CF630004616E4 /* PBXContainerItemProxy */;
		};
		3A6D0FDA246CF630004616E4 /* PBXTargetDependency */ = {
			isa = PBXTargetDependency;
			target = 3A6D0FB6246CF62C004616E4 /* Test Project */;
			targetProxy = 3A6D0FD9246CF630004616E4 /* PBXContainerItemProxy */;
		};
/* End PBXTargetDependency section */

/* Begin PBXVariantGroup section */
		3A6D0FC0246CF62C004616E4 /* Main.storyboard */ = {
			isa = PBXVariantGroup;
			children = (
				3A6D0FC1246CF62C004616E4 /* Base */,
			);
			name = Main.storyboard;
			sourceTree = "<group>";
		};
		3A6D0FC5246CF630004616E4 /* LaunchScreen.storyboard */ = {
			isa = PBXVariantGroup;
			children = (
				3A6D0FC6246CF630004616E4 /* Base */,
			);
			name = LaunchScreen.storyboard;
			sourceTree = "<group>";
		};
/* End PBXVariantGroup section */

/* Begin XCBuildConfiguration section */
		3A6D0FDF246CF630004616E4 /* Debug */ = {
			isa = XCBuildConfiguration;
			buildSettings = {
				ALWAYS_SEARCH_USER_PATHS = NO;
				CLANG_ANALYZER_NONNULL = YES;
				CLANG_ANALYZER_NUMBER_OBJECT_CONVERSION = YES_AGGRESSIVE;
				CLANG_CXX_LANGUAGE_STANDARD = "gnu++14";
				CLANG_CXX_LIBRARY = "libc++";
				CLANG_ENABLE_MODULES = YES;
				CLANG_ENABLE_OBJC_ARC = YES;
				CLANG_ENABLE_OBJC_WEAK = YES;
				CLANG_WARN_BLOCK_CAPTURE_AUTORELEASING = YES;
				CLANG_WARN_BOOL_CONVERSION = YES;
				CLANG_WARN_COMMA = YES;
				CLANG_WARN_CONSTANT_CONVERSION = YES;
				CLANG_WARN_DEPRECATED_OBJC_IMPLEMENTATIONS = YES;
				CLANG_WARN_DIRECT_OBJC_ISA_USAGE = YES_ERROR;
				CLANG_WARN_DOCUMENTATION_COMMENTS = YES;
				CLANG_WARN_EMPTY_BODY = YES;
				CLANG_WARN_ENUM_CONVERSION = YES;
				CLANG_WARN_INFINITE_RECURSION = YES;
				CLANG_WARN_INT_CONVERSION = YES;
				CLANG_WARN_NON_LITERAL_NULL_CONVERSION = YES;
				CLANG_WARN_OBJC_IMPLICIT_RETAIN_SELF = YES;
				CLANG_WARN_OBJC_LITERAL_CONVERSION = YES;
				CLANG_WARN_OBJC_ROOT_CLASS = YES_ERROR;
				CLANG_WARN_RANGE_LOOP_ANALYSIS = YES;
				CLANG_WARN_STRICT_PROTOTYPES = YES;
				CLANG_WARN_SUSPICIOUS_MOVE = YES;
				CLANG_WARN_UNGUARDED_AVAILABILITY = YES_AGGRESSIVE;
				CLANG_WARN_UNREACHABLE_CODE = YES;
				CLANG_WARN__DUPLICATE_METHOD_MATCH = YES;
				COPY_PHASE_STRIP = NO;
				DEBUG_INFORMATION_FORMAT = dwarf;
				ENABLE_STRICT_OBJC_MSGSEND = YES;
				ENABLE_TESTABILITY = YES;
				GCC_C_LANGUAGE_STANDARD = gnu11;
				GCC_DYNAMIC_NO_PIC = NO;
				GCC_NO_COMMON_BLOCKS = YES;
				GCC_OPTIMIZATION_LEVEL = 0;
				GCC_PREPROCESSOR_DEFINITIONS = (
					"DEBUG=1",
					"$(inherited)",
				);
				GCC_WARN_64_TO_32_BIT_CONVERSION = YES;
				GCC_WARN_ABOUT_RETURN_TYPE = YES_ERROR;
				GCC_WARN_UNDECLARED_SELECTOR = YES;
				GCC_WARN_UNINITIALIZED_AUTOS = YES_AGGRESSIVE;
				GCC_WARN_UNUSED_FUNCTION = YES;
				GCC_WARN_UNUSED_VARIABLE = YES;
				IPHONEOS_DEPLOYMENT_TARGET = 13.2;
				MTL_ENABLE_DEBUG_INFO = INCLUDE_SOURCE;
				MTL_FAST_MATH = YES;
				ONLY_ACTIVE_ARCH = YES;
				SDKROOT = iphoneos;
				SWIFT_ACTIVE_COMPILATION_CONDITIONS = DEBUG;
				SWIFT_OPTIMIZATION_LEVEL = "-Onone";
			};
			name = Debug;
		};
		3A6D0FE0246CF630004616E4 /* Release */ = {
			isa = XCBuildConfiguration;
			buildSettings = {
				ALWAYS_SEARCH_USER_PATHS = NO;
				CLANG_ANALYZER_NONNULL = YES;
				CLANG_ANALYZER_NUMBER_OBJECT_CONVERSION = YES_AGGRESSIVE;
				CLANG_CXX_LANGUAGE_STANDARD = "gnu++14";
				CLANG_CXX_LIBRARY = "libc++";
				CLANG_ENABLE_MODULES = YES;
				CLANG_ENABLE_OBJC_ARC = YES;
				CLANG_ENABLE_OBJC_WEAK = YES;
				CLANG_WARN_BLOCK_CAPTURE_AUTORELEASING = YES;
				CLANG_WARN_BOOL_CONVERSION = YES;
				CLANG_WARN_COMMA = YES;
				CLANG_WARN_CONSTANT_CONVERSION = YES;
				CLANG_WARN_DEPRECATED_OBJC_IMPLEMENTATIONS = YES;
				CLANG_WARN_DIRECT_OBJC_ISA_USAGE = YES_ERROR;
				CLANG_WARN_DOCUMENTATION_COMMENTS = YES;
				CLANG_WARN_EMPTY_BODY = YES;
				CLANG_WARN_ENUM_CONVERSION = YES;
				CLANG_WARN_INFINITE_RECURSION = YES;
				CLANG_WARN_INT_CONVERSION = YES;
				CLANG_WARN_NON_LITERAL_NULL_CONVERSION = YES;
				CLANG_WARN_OBJC_IMPLICIT_RETAIN_SELF = YES;
				CLANG_WARN_OBJC_LITERAL_CONVERSION = YES;
				CLANG_WARN_OBJC_ROOT_CLASS = YES_ERROR;
				CLANG_WARN_RANGE_LOOP_ANALYSIS = YES;
				CLANG_WARN_STRICT_PROTOTYPES = YES;
				CLANG_WARN_SUSPICIOUS_MOVE = YES;
				CLANG_WARN_UNGUARDED_AVAILABILITY = YES_AGGRESSIVE;
				CLANG_WARN_UNREACHABLE_CODE = YES;
				CLANG_WARN__DUPLICATE_METHOD_MATCH = YES;
				COPY_PHASE_STRIP = NO;
				DEBUG_INFORMATION_FORMAT = "dwarf-with-dsym";
				ENABLE_NS_ASSERTIONS = NO;
				ENABLE_STRICT_OBJC_MSGSEND = YES;
				GCC_C_LANGUAGE_STANDARD = gnu11;
				GCC_NO_COMMON_BLOCKS = YES;
				GCC_WARN_64_TO_32_BIT_CONVERSION = YES;
				GCC_WARN_ABOUT_RETURN_TYPE = YES_ERROR;
				GCC_WARN_UNDECLARED_SELECTOR = YES;
				GCC_WARN_UNINITIALIZED_AUTOS = YES_AGGRESSIVE;
				GCC_WARN_UNUSED_FUNCTION = YES;
				GCC_WARN_UNUSED_VARIABLE = YES;
				IPHONEOS_DEPLOYMENT_TARGET = 13.2;
				MTL_ENABLE_DEBUG_INFO = NO;
				MTL_FAST_MATH = YES;
				SDKROOT = iphoneos;
				SWIFT_COMPILATION_MODE = wholemodule;
				SWIFT_OPTIMIZATION_LEVEL = "-O";
				VALIDATE_PRODUCT = YES;
			};
			name = Release;
		};
		3A6D0FE2246CF630004616E4 /* Debug */ = {
			isa = XCBuildConfiguration;
			buildSettings = {
				ASSETCATALOG_COMPILER_APPICON_NAME = AppIcon;
				CODE_SIGN_STYLE = Automatic;
				DEVELOPMENT_TEAM = CCK432UAS8;
				INFOPLIST_FILE = "Test Project/Info.plist";
				LD_RUNPATH_SEARCH_PATHS = (
					"$(inherited)",
					"@executable_path/Frameworks",
				);
				PRODUCT_BUNDLE_IDENTIFIER = "www.infinitelearning.id.Test-Project";
				PRODUCT_NAME = "$(TARGET_NAME)";
				SWIFT_VERSION = 5.0;
				TARGETED_DEVICE_FAMILY = "1,2";
			};
			name = Debug;
		};
		3A6D0FE3246CF630004616E4 /* Release */ = {
			isa = XCBuildConfiguration;
			buildSettings = {
				ASSETCATALOG_COMPILER_APPICON_NAME = AppIcon;
				CODE_SIGN_STYLE = Automatic;
				DEVELOPMENT_TEAM = CCK432UAS8;
				INFOPLIST_FILE = "Test Project/Info.plist";
				LD_RUNPATH_SEARCH_PATHS = (
					"$(inherited)",
					"@executable_path/Frameworks",
				);
				PRODUCT_BUNDLE_IDENTIFIER = "www.infinitelearning.id.Test-Project";
				PRODUCT_NAME = "$(TARGET_NAME)";
				SWIFT_VERSION = 5.0;
				TARGETED_DEVICE_FAMILY = "1,2";
			};
			name = Release;
		};
		3A6D0FE5246CF630004616E4 /* Debug */ = {
			isa = XCBuildConfiguration;
			buildSettings = {
				ALWAYS_EMBED_SWIFT_STANDARD_LIBRARIES = YES;
				BUNDLE_LOADER = "$(TEST_HOST)";
				CODE_SIGN_STYLE = Automatic;
				DEVELOPMENT_TEAM = CCK432UAS8;
				INFOPLIST_FILE = "Test ProjectTests/Info.plist";
				IPHONEOS_DEPLOYMENT_TARGET = 13.2;
				LD_RUNPATH_SEARCH_PATHS = (
					"$(inherited)",
					"@executable_path/Frameworks",
					"@loader_path/Frameworks",
				);
				PRODUCT_BUNDLE_IDENTIFIER = "www.infinitelearning.id.Test-ProjectTests";
				PRODUCT_NAME = "$(TARGET_NAME)";
				SWIFT_VERSION = 5.0;
				TARGETED_DEVICE_FAMILY = "1,2";
				TEST_HOST = "$(BUILT_PRODUCTS_DIR)/Test Project.app/Test Project";
			};
			name = Debug;
		};
		3A6D0FE6246CF630004616E4 /* Release */ = {
			isa = XCBuildConfiguration;
			buildSettings = {
				ALWAYS_EMBED_SWIFT_STANDARD_LIBRARIES = YES;
				BUNDLE_LOADER = "$(TEST_HOST)";
				CODE_SIGN_STYLE = Automatic;
				DEVELOPMENT_TEAM = CCK432UAS8;
				INFOPLIST_FILE = "Test ProjectTests/Info.plist";
				IPHONEOS_DEPLOYMENT_TARGET = 13.2;
				LD_RUNPATH_SEARCH_PATHS = (
					"$(inherited)",
					"@executable_path/Frameworks",
					"@loader_path/Frameworks",
				);
				PRODUCT_BUNDLE_IDENTIFIER = "www.infinitelearning.id.Test-ProjectTests";
				PRODUCT_NAME = "$(TARGET_NAME)";
				SWIFT_VERSION = 5.0;
				TARGETED_DEVICE_FAMILY = "1,2";
				TEST_HOST = "$(BUILT_PRODUCTS_DIR)/Test Project.app/Test Project";
			};
			name = Release;
		};
		3A6D0FE8246CF630004616E4 /* Debug */ = {
			isa = XCBuildConfiguration;
			buildSettings = {
				ALWAYS_EMBED_SWIFT_STANDARD_LIBRARIES = YES;
				CODE_SIGN_STYLE = Automatic;
				DEVELOPMENT_TEAM = CCK432UAS8;
				INFOPLIST_FILE = "Test ProjectUITests/Info.plist";
				LD_RUNPATH_SEARCH_PATHS = (
					"$(inherited)",
					"@executable_path/Frameworks",
					"@loader_path/Frameworks",
				);
				PRODUCT_BUNDLE_IDENTIFIER = "www.infinitelearning.id.Test-ProjectUITests";
				PRODUCT_NAME = "$(TARGET_NAME)";
				SWIFT_VERSION = 5.0;
				TARGETED_DEVICE_FAMILY = "1,2";
				TEST_TARGET_NAME = "Test Project";
			};
			name = Debug;
		};
		3A6D0FE9246CF630004616E4 /* Release */ = {
			isa = XCBuildConfiguration;
			buildSettings = {
				ALWAYS_EMBED_SWIFT_STANDARD_LIBRARIES = YES;
				CODE_SIGN_STYLE = Automatic;
				DEVELOPMENT_TEAM = CCK432UAS8;
				INFOPLIST_FILE = "Test ProjectUITests/Info.plist";
				LD_RUNPATH_SEARCH_PATHS = (
					"$(inherited)",
					"@executable_path/Frameworks",
					"@loader_path/Frameworks",
				);
				PRODUCT_BUNDLE_IDENTIFIER = "www.infinitelearning.id.Test-ProjectUITests";
				PRODUCT_NAME = "$(TARGET_NAME)";
				SWIFT_VERSION = 5.0;
				TARGETED_DEVICE_FAMILY = "1,2";
				TEST_TARGET_NAME = "Test Project";
			};
			name = Release;
		};
/* End XCBuildConfiguration section */

/* Begin XCConfigurationList section */
		3A6D0FB2246CF62C004616E4 /* Build configuration list for PBXProject "Test Project" */ = {
			isa = XCConfigurationList;
			buildConfigurations = (
				3A6D0FDF246CF630004616E4 /* Debug */,
				3A6D0FE0246CF630004616E4 /* Release */,
			);
			defaultConfigurationIsVisible = 0;
			defaultConfigurationName = Release;
		};
		3A6D0FE1246CF630004616E4 /* Build configuration list for PBXNativeTarget "Test Project" */ = {
			isa = XCConfigurationList;
			buildConfigurations = (
				3A6D0FE2246CF630004616E4 /* Debug */,
				3A6D0FE3246CF630004616E4 /* Release */,
			);
			defaultConfigurationIsVisible = 0;
			defaultConfigurationName = Release;
		};
		3A6D0FE4246CF630004616E4 /* Build configuration list for PBXNativeTarget "Test ProjectTests" */ = {
			isa = XCConfigurationList;
			buildConfigurations = (
				3A6D0FE5246CF630004616E4 /* Debug */,
				3A6D0FE6246CF630004616E4 /* Release */,
			);
			defaultConfigurationIsVisible = 0;
			defaultConfigurationName = Release;
		};
		3A6D0FE7246CF630004616E4 /* Build configuration list for PBXNativeTarget "Test ProjectUITests" */ = {
			isa = XCConfigurationList;
			buildConfigurations = (
				3A6D0FE8246CF630004616E4 /* Debug */,
				3A6D0FE9246CF630004616E4 /* Release */,
			);
			defaultConfigurationIsVisible = 0;
			defaultConfigurationName = Release;
		};
/* End XCConfigurationList section */
	};
	rootObject = 3A6D0FAF246CF62C004616E4 /* Project object */;
}
